
Microsoft Visual Studio Solution File, Format Version 12.00
# Visual Studio 2012
Project("{FAE04EC0-301F-11D3-BF4B-00C04F79EFBC}") = "LSKYStreamingVideo", "LSKYStreamingVideo\LSKYStreamingVideo.csproj", "{4A371C6E-AECA-4F85-904A-76171C0CBC45}"
EndProject
Project("{FAE04EC0-301F-11D3-BF4B-00C04F79EFBC}") = "LSKYStreamingManager", "LSKYStreamingManager\LSKYStreamingManager.csproj", "{DA9E4070-E5C8-4E11-BAE1-91727801D729}"
EndProject
Project("{FAE04EC0-301F-11D3-BF4B-00C04F79EFBC}") = "LSKYStreamingCore", "LSKYStreamingCore\LSKYStreamingCore.csproj", "{6F5AFB54-3729-4575-ACFC-E88BA87762B2}"
EndProject
Global
	GlobalSection(SolutionConfigurationPlatforms) = preSolution
		Debug|Any CPU = Debug|Any CPU
		Release|Any CPU = Release|Any CPU
	EndGlobalSection
	GlobalSection(ProjectConfigurationPlatforms) = postSolution
		{4A371C6E-AECA-4F85-904A-76171C0CBC45}.Debug|Any CPU.ActiveCfg = Debug|Any CPU
		{4A371C6E-AECA-4F85-904A-76171C0CBC45}.Debug|Any CPU.Build.0 = Debug|Any CPU
		{4A371C6E-AECA-4F85-904A-76171C0CBC45}.Release|Any CPU.ActiveCfg = Release|Any CPU
		{4A371C6E-AECA-4F85-904A-76171C0CBC45}.Release|Any CPU.Build.0 = Release|Any CPU
		{DA9E4070-E5C8-4E11-BAE1-91727801D729}.Debug|Any CPU.ActiveCfg = Debug|Any CPU
		{DA9E4070-E5C8-4E11-BAE1-91727801D729}.Debug|Any CPU.Build.0 = Debug|Any CPU
		{DA9E4070-E5C8-4E11-BAE1-91727801D729}.Release|Any CPU.ActiveCfg = Release|Any CPU
		{DA9E4070-E5C8-4E11-BAE1-91727801D729}.Release|Any CPU.Build.0 = Release|Any CPU
		{6F5AFB54-3729-4575-ACFC-E88BA87762B2}.Debug|Any CPU.ActiveCfg = Debug|Any CPU
		{6F5AFB54-3729-4575-ACFC-E88BA87762B2}.Debug|Any CPU.Build.0 = Debug|Any CPU
		{6F5AFB54-3729-4575-ACFC-E88BA87762B2}.Release|Any CPU.ActiveCfg = Release|Any CPU
		{6F5AFB54-3729-4575-ACFC-E88BA87762B2}.Release|Any CPU.Build.0 = Release|Any CPU
	EndGlobalSection
	GlobalSection(SolutionProperties) = preSolution
		HideSolutionNode = FALSE
	EndGlobalSection
EndGlobal
